
Microsoft Visual Studio Solution File, Format Version 12.00
# Visual Studio Version 17
VisualStudioVersion = 17.13.35913.81
MinimumVisualStudioVersion = 10.0.40219.1
Project("{FAE04EC0-301F-11D3-BF4B-00C04F79EFBC}") = "MudBlazorRokPaperScissors", "MudBlazorRokPaperScissors.csproj", "{9909FD33-D687-4CF0-A38B-74E12C6C5B89}"
EndProject
Project("{FAE04EC0-301F-11D3-BF4B-00C04F79EFBC}") = "MudBlazorRokPaperScissors.UnitTest", "..\MudBlazorRokPaperScissors.UnitTest\MudBlazorRokPaperScissors.UnitTest.csproj", "{04CD5DAB-9884-651A-8462-F741EEA23251}"
EndProject
Global
	GlobalSection(SolutionConfigurationPlatforms) = preSolution
		Debug|Any CPU = Debug|Any CPU
		Release|Any CPU = Release|Any CPU
	EndGlobalSection
	GlobalSection(ProjectConfigurationPlatforms) = postSolution
		{9909FD33-D687-4CF0-A38B-74E12C6C5B89}.Debug|Any CPU.ActiveCfg = Debug|Any CPU
		{9909FD33-D687-4CF0-A38B-74E12C6C5B89}.Debug|Any CPU.Build.0 = Debug|Any CPU
		{9909FD33-D687-4CF0-A38B-74E12C6C5B89}.Release|Any CPU.ActiveCfg = Release|Any CPU
		{9909FD33-D687-4CF0-A38B-74E12C6C5B89}.Release|Any CPU.Build.0 = Release|Any CPU
		{04CD5DAB-9884-651A-8462-F741EEA23251}.Debug|Any CPU.ActiveCfg = Debug|Any CPU
		{04CD5DAB-9884-651A-8462-F741EEA23251}.Debug|Any CPU.Build.0 = Debug|Any CPU
		{04CD5DAB-9884-651A-8462-F741EEA23251}.Release|Any CPU.ActiveCfg = Release|Any CPU
		{04CD5DAB-9884-651A-8462-F741EEA23251}.Release|Any CPU.Build.0 = Release|Any CPU
	EndGlobalSection
	GlobalSection(SolutionProperties) = preSolution
		HideSolutionNode = FALSE
	EndGlobalSection
	GlobalSection(ExtensibilityGlobals) = postSolution
		SolutionGuid = {B174C8C0-59EF-4F31-A146-F0B1F9845DCE}
	EndGlobalSection
EndGlobal
